
Microsoft Visual Studio Solution File, Format Version 12.00
# Visual Studio Version 17
VisualStudioVersion = 17.3.32901.215
MinimumVisualStudioVersion = 10.0.40219.1
Project("{FAE04EC0-301F-11D3-BF4B-00C04F79EFBC}") = "Shop.Web", "Shop.Web\Shop.Web.csproj", "{BB151CFB-6C3E-4AED-B338-31E7AD59077B}"
EndProject
Project("{FAE04EC0-301F-11D3-BF4B-00C04F79EFBC}") = "Shop.Data", "Shop.Data\Shop.Data.csproj", "{D46FA67D-240C-40BD-A305-5DEFAD000592}"
EndProject
Global
	GlobalSection(SolutionConfigurationPlatforms) = preSolution
		Debug|Any CPU = Debug|Any CPU
		Release|Any CPU = Release|Any CPU
	EndGlobalSection
	GlobalSection(ProjectConfigurationPlatforms) = postSolution
		{BB151CFB-6C3E-4AED-B338-31E7AD59077B}.Debug|Any CPU.ActiveCfg = Debug|Any CPU
		{BB151CFB-6C3E-4AED-B338-31E7AD59077B}.Debug|Any CPU.Build.0 = Debug|Any CPU
		{BB151CFB-6C3E-4AED-B338-31E7AD59077B}.Release|Any CPU.ActiveCfg = Release|Any CPU
		{BB151CFB-6C3E-4AED-B338-31E7AD59077B}.Release|Any CPU.Build.0 = Release|Any CPU
		{D46FA67D-240C-40BD-A305-5DEFAD000592}.Debug|Any CPU.ActiveCfg = Debug|Any CPU
		{D46FA67D-240C-40BD-A305-5DEFAD000592}.Debug|Any CPU.Build.0 = Debug|Any CPU
		{D46FA67D-240C-40BD-A305-5DEFAD000592}.Release|Any CPU.ActiveCfg = Release|Any CPU
		{D46FA67D-240C-40BD-A305-5DEFAD000592}.Release|Any CPU.Build.0 = Release|Any CPU
	EndGlobalSection
	GlobalSection(SolutionProperties) = preSolution
		HideSolutionNode = FALSE
	EndGlobalSection
	GlobalSection(ExtensibilityGlobals) = postSolution
		SolutionGuid = {812B48EE-F722-4CCF-B5AC-AE89159507C6}
	EndGlobalSection
EndGlobal
